{
  "pins" : [
    {
      "identity" : "async-kit",
      "kind" : "remoteSourceControl",
      "location" : "https://github.com/vapor/async-kit.git",
      "state" : {
        "revision" : "c3329e444bafbb12d1d312af9191be95348a8175",
        "version" : "1.13.0"
      }
    },
    {
      "identity" : "fluent-kit",
      "kind" : "remoteSourceControl",
      "location" : "https://github.com/vapor/fluent-kit.git",
      "state" : {
        "revision" : "33d498d9a9323a3562fa380da28a2a17dd5df408",
        "version" : "1.35.2"
      }
    },
    {
      "identity" : "runtime",
      "kind" : "remoteSourceControl",
      "location" : "https://github.com/wickwirew/Runtime.git",
      "state" : {
        "revision" : "dad03135d7701a4e7b3a4051e75d6b37bd8e178e",
        "version" : "2.2.4"
      }
    },
    {
      "identity" : "sql-kit",
      "kind" : "remoteSourceControl",
      "location" : "https://github.com/vapor/sql-kit.git",
      "state" : {
        "revision" : "fcc29f543b3de7b661cbe7540805974234cb9740",
        "version" : "3.24.0"
      }
    },
    {
      "identity" : "swift-atomics",
      "kind" : "remoteSourceControl",
      "location" : "https://github.com/apple/swift-atomics.git",
      "state" : {
        "revision" : "ff3d2212b6b093db7f177d0855adbc4ef9c5f036",
        "version" : "1.0.3"
      }
    },
    {
      "identity" : "swift-log",
      "kind" : "remoteSourceControl",
      "location" : "https://github.com/apple/swift-log.git",
      "state" : {
        "revision" : "32e8d724467f8fe623624570367e3d50c5638e46",
        "version" : "1.5.2"
      }
    },
    {
      "identity" : "swift-nio",
      "kind" : "remoteSourceControl",
      "location" : "https://github.com/apple/swift-nio.git",
      "state" : {
        "revision" : "b4e0a274f7f34210e97e2f2c50ab02a10b549250",
        "version" : "2.41.1"
      }
    },
    {
      "identity" : "swift-tagged",
      "kind" : "remoteSourceControl",
      "location" : "https://github.com/jaredh159/swift-tagged",
      "state" : {
        "revision" : "cb4284055f6e9cc5576ff9be13723b3a039905a5",
        "version" : "0.8.2"
      }
    }
  ],
  "version" : 2
}
